
Microsoft Visual Studio Solution File, Format Version 12.00
# Visual Studio Version 16
VisualStudioVersion = 16.0.31911.196
MinimumVisualStudioVersion = 10.0.40219.1
Project("{FAE04EC0-301F-11D3-BF4B-00C04F79EFBC}") = "site", "site.csproj", "{375AE07F-2853-4960-A175-5B6B8CEF0708}"
EndProject
Global
	GlobalSection(SolutionConfigurationPlatforms) = preSolution
		Debug|Any CPU = Debug|Any CPU
		Release|Any CPU = Release|Any CPU
	EndGlobalSection
	GlobalSection(ProjectConfigurationPlatforms) = postSolution
		{375AE07F-2853-4960-A175-5B6B8CEF0708}.Debug|Any CPU.ActiveCfg = Debug|Any CPU
		{375AE07F-2853-4960-A175-5B6B8CEF0708}.Debug|Any CPU.Build.0 = Debug|Any CPU
		{375AE07F-2853-4960-A175-5B6B8CEF0708}.Release|Any CPU.ActiveCfg = Release|Any CPU
		{375AE07F-2853-4960-A175-5B6B8CEF0708}.Release|Any CPU.Build.0 = Release|Any CPU
	EndGlobalSection
	GlobalSection(SolutionProperties) = preSolution
		HideSolutionNode = FALSE
	EndGlobalSection
	GlobalSection(ExtensibilityGlobals) = postSolution
		SolutionGuid = {330A77F4-00BC-4501-AAF1-155DC0597EED}
	EndGlobalSection
EndGlobal
